
Microsoft Visual Studio Solution File, Format Version 12.00
# Visual Studio Version 16
VisualStudioVersion = 16.0.33130.400
MinimumVisualStudioVersion = 10.0.40219.1
Project("{FAE04EC0-301F-11D3-BF4B-00C04F79EFBC}") = "TrainingASPCORE3.1", "TrainingASPCORE3.1\TrainingASPCORE3.1.csproj", "{426F4D3D-AA9B-49DB-9BBE-3463A15A4ABB}"
EndProject
Global
	GlobalSection(SolutionConfigurationPlatforms) = preSolution
		Debug|Any CPU = Debug|Any CPU
		Release|Any CPU = Release|Any CPU
	EndGlobalSection
	GlobalSection(ProjectConfigurationPlatforms) = postSolution
		{426F4D3D-AA9B-49DB-9BBE-3463A15A4ABB}.Debug|Any CPU.ActiveCfg = Debug|Any CPU
		{426F4D3D-AA9B-49DB-9BBE-3463A15A4ABB}.Debug|Any CPU.Build.0 = Debug|Any CPU
		{426F4D3D-AA9B-49DB-9BBE-3463A15A4ABB}.Release|Any CPU.ActiveCfg = Release|Any CPU
		{426F4D3D-AA9B-49DB-9BBE-3463A15A4ABB}.Release|Any CPU.Build.0 = Release|Any CPU
	EndGlobalSection
	GlobalSection(SolutionProperties) = preSolution
		HideSolutionNode = FALSE
	EndGlobalSection
	GlobalSection(ExtensibilityGlobals) = postSolution
		SolutionGuid = {1C4FACC3-22CA-4C87-A0CF-C761CAD334D3}
	EndGlobalSection
EndGlobal
